{
  "version": 4,
  "terraform_version": "0.12.29",
  "serial": 6,
  "lineage": "569ca232-a0c9-cd31-cb3b-7ebc851eded3",
  "outputs": {},
  "resources": [
    {
      "mode": "managed",
      "type": "google_storage_bucket",
      "name": "my_bucket",
      "provider": "provider.google",
      "instances": [
        {
          "schema_version": 0,
          "attributes": {
            "bucket_policy_only": false,
            "cors": [],
            "default_event_based_hold": false,
            "encryption": [],
            "force_destroy": false,
            "id": "haggu-bucket-123",
            "labels": null,
            "lifecycle_rule": [],
            "location": "ASIA-EAST1",
            "logging": [],
            "name": "haggu-bucket-123",
            "project": "nfs-server-272507",
            "requester_pays": false,
            "retention_policy": [],
            "self_link": "https://www.googleapis.com/storage/v1/b/haggu-bucket-123",
            "storage_class": "STANDARD",
            "url": "gs://haggu-bucket-123",
            "versioning": [],
            "website": []
          },
          "private": "bnVsbA=="
        }
      ]
    }
  ]
}
